
Microsoft Visual Studio Solution File, Format Version 12.00
# Visual Studio Version 16
VisualStudioVersion = 16.0.30413.136
MinimumVisualStudioVersion = 10.0.40219.1
Project("{9A19103F-16F7-4668-BE54-9A1E7A4F7556}") = "MessageBox.Api", "source\MessageBox.Api\MessageBox.Api.csproj", "{B1A2EC34-A1F4-45C6-8EA5-DA2BC20ACCE0}"
EndProject
Project("{2150E333-8FDC-42A3-9474-1A3956D46DE8}") = "source", "source", "{62B60872-4BF2-4748-8FD9-24EEC2F5BB2A}"
EndProject
Project("{2150E333-8FDC-42A3-9474-1A3956D46DE8}") = "test", "test", "{5C4B575E-B2F1-4C46-8C7B-C31C26BAB67C}"
EndProject
Project("{FAE04EC0-301F-11D3-BF4B-00C04F79EFBC}") = "MessageBox.Data", "source\MessageBox.Data\MessageBox.Data.csproj", "{6DFD4DD6-42C0-4080-A1C0-D33642A9A1B9}"
EndProject
Project("{FAE04EC0-301F-11D3-BF4B-00C04F79EFBC}") = "MessageBox.Core", "source\MessageBox.Core\MessageBox.Core.csproj", "{6CD3E033-9C36-447E-8086-27AFEBFC6019}"
EndProject
Global
	GlobalSection(SolutionConfigurationPlatforms) = preSolution
		Debug|Any CPU = Debug|Any CPU
		Release|Any CPU = Release|Any CPU
	EndGlobalSection
	GlobalSection(ProjectConfigurationPlatforms) = postSolution
		{B1A2EC34-A1F4-45C6-8EA5-DA2BC20ACCE0}.Debug|Any CPU.ActiveCfg = Debug|Any CPU
		{B1A2EC34-A1F4-45C6-8EA5-DA2BC20ACCE0}.Debug|Any CPU.Build.0 = Debug|Any CPU
		{B1A2EC34-A1F4-45C6-8EA5-DA2BC20ACCE0}.Release|Any CPU.ActiveCfg = Release|Any CPU
		{B1A2EC34-A1F4-45C6-8EA5-DA2BC20ACCE0}.Release|Any CPU.Build.0 = Release|Any CPU
		{6DFD4DD6-42C0-4080-A1C0-D33642A9A1B9}.Debug|Any CPU.ActiveCfg = Debug|Any CPU
		{6DFD4DD6-42C0-4080-A1C0-D33642A9A1B9}.Debug|Any CPU.Build.0 = Debug|Any CPU
		{6DFD4DD6-42C0-4080-A1C0-D33642A9A1B9}.Release|Any CPU.ActiveCfg = Release|Any CPU
		{6DFD4DD6-42C0-4080-A1C0-D33642A9A1B9}.Release|Any CPU.Build.0 = Release|Any CPU
		{6CD3E033-9C36-447E-8086-27AFEBFC6019}.Debug|Any CPU.ActiveCfg = Debug|Any CPU
		{6CD3E033-9C36-447E-8086-27AFEBFC6019}.Debug|Any CPU.Build.0 = Debug|Any CPU
		{6CD3E033-9C36-447E-8086-27AFEBFC6019}.Release|Any CPU.ActiveCfg = Release|Any CPU
		{6CD3E033-9C36-447E-8086-27AFEBFC6019}.Release|Any CPU.Build.0 = Release|Any CPU
	EndGlobalSection
	GlobalSection(SolutionProperties) = preSolution
		HideSolutionNode = FALSE
	EndGlobalSection
	GlobalSection(NestedProjects) = preSolution
		{B1A2EC34-A1F4-45C6-8EA5-DA2BC20ACCE0} = {62B60872-4BF2-4748-8FD9-24EEC2F5BB2A}
		{6DFD4DD6-42C0-4080-A1C0-D33642A9A1B9} = {62B60872-4BF2-4748-8FD9-24EEC2F5BB2A}
		{6CD3E033-9C36-447E-8086-27AFEBFC6019} = {62B60872-4BF2-4748-8FD9-24EEC2F5BB2A}
	EndGlobalSection
	GlobalSection(ExtensibilityGlobals) = postSolution
		SolutionGuid = {51737D9D-5D67-4DE4-BEB1-623FA6680FC3}
	EndGlobalSection
EndGlobal
